
Microsoft Visual Studio Solution File, Format Version 12.00
# Visual Studio 15
VisualStudioVersion = 15.0.27130.0
MinimumVisualStudioVersion = 10.0.40219.1
Project("{F2A71F9B-5D33-465A-A702-920D77279786}") = "Delegate.Daxif", "Delegate.Daxif\Delegate.Daxif.fsproj", "{380BA6A3-8276-490C-B9F9-4CAD64035AE3}"
EndProject
Project("{2150E333-8FDC-42A3-9474-1A3956D46DE8}") = "project", "project", "{91D22ACA-CA2B-4A13-80C1-8B68082334D2}"
	ProjectSection(SolutionItems) = preProject
		build.cmd = build.cmd
		build.fsx = build.fsx
		buildOld.fsx = buildOld.fsx
		nuget\Delegate.Daxif.nuspec = nuget\Delegate.Daxif.nuspec
		RELEASE_NOTES.md = RELEASE_NOTES.md
	EndProjectSection
EndProject
Project("{2150E333-8FDC-42A3-9474-1A3956D46DE8}") = "Targets", "Targets", "{E79877B3-7533-48D9-BE36-0874A19D68DD}"
	ProjectSection(SolutionItems) = preProject
		Targets\fake.targets = Targets\fake.targets
	EndProjectSection
EndProject
Global
	GlobalSection(SolutionConfigurationPlatforms) = preSolution
		Debug|Any CPU = Debug|Any CPU
		Debug|Mixed Platforms = Debug|Mixed Platforms
		Debug|x86 = Debug|x86
		Release|Any CPU = Release|Any CPU
		Release|Mixed Platforms = Release|Mixed Platforms
		Release|x86 = Release|x86
	EndGlobalSection
	GlobalSection(ProjectConfigurationPlatforms) = postSolution
		{380BA6A3-8276-490C-B9F9-4CAD64035AE3}.Debug|Any CPU.ActiveCfg = Debug|Any CPU
		{380BA6A3-8276-490C-B9F9-4CAD64035AE3}.Debug|Any CPU.Build.0 = Debug|Any CPU
		{380BA6A3-8276-490C-B9F9-4CAD64035AE3}.Debug|Mixed Platforms.ActiveCfg = Debug|Any CPU
		{380BA6A3-8276-490C-B9F9-4CAD64035AE3}.Debug|Mixed Platforms.Build.0 = Debug|Any CPU
		{380BA6A3-8276-490C-B9F9-4CAD64035AE3}.Debug|x86.ActiveCfg = Debug|Any CPU
		{380BA6A3-8276-490C-B9F9-4CAD64035AE3}.Release|Any CPU.ActiveCfg = Release|Any CPU
		{380BA6A3-8276-490C-B9F9-4CAD64035AE3}.Release|Any CPU.Build.0 = Release|Any CPU
		{380BA6A3-8276-490C-B9F9-4CAD64035AE3}.Release|Mixed Platforms.ActiveCfg = Release|Any CPU
		{380BA6A3-8276-490C-B9F9-4CAD64035AE3}.Release|Mixed Platforms.Build.0 = Release|Any CPU
		{380BA6A3-8276-490C-B9F9-4CAD64035AE3}.Release|x86.ActiveCfg = Release|Any CPU
	EndGlobalSection
	GlobalSection(SolutionProperties) = preSolution
		HideSolutionNode = FALSE
	EndGlobalSection
	GlobalSection(ExtensibilityGlobals) = postSolution
		SolutionGuid = {C5EAE726-12DB-4DDA-BFCC-C1EFC94AB814}
	EndGlobalSection
EndGlobal
